
Microsoft Visual Studio Solution File, Format Version 12.00
# Visual Studio Version 16
VisualStudioVersion = 16.0.31605.320
MinimumVisualStudioVersion = 10.0.40219.1
Project("{FAE04EC0-301F-11D3-BF4B-00C04F79EFBC}") = "Wep_App", "Wep_App\Wep_App.csproj", "{989F7C91-33DD-4B35-B736-C1877758F5E7}"
EndProject
Global
	GlobalSection(SolutionConfigurationPlatforms) = preSolution
		Debug|Any CPU = Debug|Any CPU
		Release|Any CPU = Release|Any CPU
	EndGlobalSection
	GlobalSection(ProjectConfigurationPlatforms) = postSolution
		{989F7C91-33DD-4B35-B736-C1877758F5E7}.Debug|Any CPU.ActiveCfg = Debug|Any CPU
		{989F7C91-33DD-4B35-B736-C1877758F5E7}.Debug|Any CPU.Build.0 = Debug|Any CPU
		{989F7C91-33DD-4B35-B736-C1877758F5E7}.Release|Any CPU.ActiveCfg = Release|Any CPU
		{989F7C91-33DD-4B35-B736-C1877758F5E7}.Release|Any CPU.Build.0 = Release|Any CPU
	EndGlobalSection
	GlobalSection(SolutionProperties) = preSolution
		HideSolutionNode = FALSE
	EndGlobalSection
	GlobalSection(ExtensibilityGlobals) = postSolution
		SolutionGuid = {4993B67A-A806-42D3-8264-75B6222D6409}
	EndGlobalSection
EndGlobal
